
Microsoft Visual Studio Solution File, Format Version 12.00
# Visual Studio 15
VisualStudioVersion = 15.0.27004.2002
MinimumVisualStudioVersion = 10.0.40219.1
Project("{FAE04EC0-301F-11D3-BF4B-00C04F79EFBC}") = "MyAngularSample", "MyAngularSample\MyAngularSample.csproj", "{555B1F21-D2AB-474E-B453-07CCB7AA0B17}"
EndProject
Global
	GlobalSection(SolutionConfigurationPlatforms) = preSolution
		Debug|Any CPU = Debug|Any CPU
		Release|Any CPU = Release|Any CPU
	EndGlobalSection
	GlobalSection(ProjectConfigurationPlatforms) = postSolution
		{555B1F21-D2AB-474E-B453-07CCB7AA0B17}.Debug|Any CPU.ActiveCfg = Debug|Any CPU
		{555B1F21-D2AB-474E-B453-07CCB7AA0B17}.Debug|Any CPU.Build.0 = Debug|Any CPU
		{555B1F21-D2AB-474E-B453-07CCB7AA0B17}.Release|Any CPU.ActiveCfg = Release|Any CPU
		{555B1F21-D2AB-474E-B453-07CCB7AA0B17}.Release|Any CPU.Build.0 = Release|Any CPU
	EndGlobalSection
	GlobalSection(SolutionProperties) = preSolution
		HideSolutionNode = FALSE
	EndGlobalSection
	GlobalSection(ExtensibilityGlobals) = postSolution
		SolutionGuid = {ED42D193-F4C2-4D9D-8AD8-90F108E2BD9E}
	EndGlobalSection
EndGlobal
